{
  "name": "aiad-sdd",
  "version": "1.3.0",
  "lockfileVersion": 3,
  "requires": true,
  "packages": {
    "": {
      "name": "aiad-sdd",
      "version": "1.3.0",
      "license": "MIT",
      "bin": {
        "aiad-sdd": "bin/aiad-sdd.js"
      },
      "engines": {
        "node": ">=18.0.0"
      }
    }
  }
}
